
Microsoft Visual Studio Solution File, Format Version 12.00
# Visual Studio Version 16
VisualStudioVersion = 25.0.1704.4
MinimumVisualStudioVersion = 10.0.40219.1
Project("{FAE04EC0-301F-11D3-BF4B-00C04F79EFBC}") = "MonitoreoInundaciones", "MonitoreoInundaciones\MonitoreoInundaciones.csproj", "{2627EC41-6107-4770-9CBE-0439608D1E41}"
EndProject
Project("{FAE04EC0-301F-11D3-BF4B-00C04F79EFBC}") = "LogicaInundaciones", "LogicaInundaciones\LogicaInundaciones.csproj", "{E1D6B93B-2774-4A2C-8001-B231DE00750C}"
EndProject
Global
	GlobalSection(SolutionConfigurationPlatforms) = preSolution
		Debug|Any CPU = Debug|Any CPU
		Release|Any CPU = Release|Any CPU
	EndGlobalSection
	GlobalSection(ProjectConfigurationPlatforms) = postSolution
		{2627EC41-6107-4770-9CBE-0439608D1E41}.Debug|Any CPU.ActiveCfg = Debug|Any CPU
		{2627EC41-6107-4770-9CBE-0439608D1E41}.Debug|Any CPU.Build.0 = Debug|Any CPU
		{2627EC41-6107-4770-9CBE-0439608D1E41}.Release|Any CPU.ActiveCfg = Release|Any CPU
		{2627EC41-6107-4770-9CBE-0439608D1E41}.Release|Any CPU.Build.0 = Release|Any CPU
		{E1D6B93B-2774-4A2C-8001-B231DE00750C}.Debug|Any CPU.ActiveCfg = Debug|Any CPU
		{E1D6B93B-2774-4A2C-8001-B231DE00750C}.Debug|Any CPU.Build.0 = Debug|Any CPU
		{E1D6B93B-2774-4A2C-8001-B231DE00750C}.Release|Any CPU.ActiveCfg = Release|Any CPU
		{E1D6B93B-2774-4A2C-8001-B231DE00750C}.Release|Any CPU.Build.0 = Release|Any CPU
	EndGlobalSection
	GlobalSection(SolutionProperties) = preSolution
		HideSolutionNode = FALSE
	EndGlobalSection
	GlobalSection(ExtensibilityGlobals) = postSolution
		SolutionGuid = {18C588EE-2A6D-4CC0-B428-069FC376B9BC}
	EndGlobalSection
EndGlobal
